// !$*UTF8*$!
{
	archiveVersion = 1;
	classes = {
	};
	objectVersion = 55;
	objects = {

/* Begin PBXBuildFile section */
		98977D8127D8B9650067FD26 /* ToDoTableViewCell.swift in Sources */ = {isa = PBXBuildFile; fileRef = 98977D8027D8B9650067FD26 /* ToDoTableViewCell.swift */; };
		98977D8427D8C01D0067FD26 /* ToDoCellView.swift in Sources */ = {isa = PBXBuildFile; fileRef = 98977D8327D8C01D0067FD26 /* ToDoCellView.swift */; };
		98977D8627D8C32F0067FD26 /* BaseView.swift in Sources */ = {isa = PBXBuildFile; fileRef = 98977D8527D8C32F0067FD26 /* BaseView.swift */; };
		98977D8827D9DD2D0067FD26 /* SaveViewController.swift in Sources */ = {isa = PBXBuildFile; fileRef = 98977D8727D9DD2D0067FD26 /* SaveViewController.swift */; };
		98F036B727D5C97900C2ACB0 /* AppDelegate.swift in Sources */ = {isa = PBXBuildFile; fileRef = 98F036B627D5C97900C2ACB0 /* AppDelegate.swift */; };
		98F036B927D5C97900C2ACB0 /* SceneDelegate.swift in Sources */ = {isa = PBXBuildFile; fileRef = 98F036B827D5C97900C2ACB0 /* SceneDelegate.swift */; };
		98F036BE27D5C97900C2ACB0 /* Main.storyboard in Resources */ = {isa = PBXBuildFile; fileRef = 98F036BC27D5C97900C2ACB0 /* Main.storyboard */; };
		98F036C127D5C97900C2ACB0 /* ToDoUIkit.xcdatamodeld in Sources */ = {isa = PBXBuildFile; fileRef = 98F036BF27D5C97900C2ACB0 /* ToDoUIkit.xcdatamodeld */; };
		98F036C327D5C97C00C2ACB0 /* Assets.xcassets in Resources */ = {isa = PBXBuildFile; fileRef = 98F036C227D5C97C00C2ACB0 /* Assets.xcassets */; };
		98F036C627D5C97C00C2ACB0 /* LaunchScreen.storyboard in Resources */ = {isa = PBXBuildFile; fileRef = 98F036C427D5C97C00C2ACB0 /* LaunchScreen.storyboard */; };
		98F036D427D5D33E00C2ACB0 /* ToDoListItem+CoreDataClass.swift in Sources */ = {isa = PBXBuildFile; fileRef = 98F036D227D5D33E00C2ACB0 /* ToDoListItem+CoreDataClass.swift */; };
		98F036D527D5D33E00C2ACB0 /* ToDoListItem+CoreDataProperties.swift in Sources */ = {isa = PBXBuildFile; fileRef = 98F036D327D5D33E00C2ACB0 /* ToDoListItem+CoreDataProperties.swift */; };
		98F036D927D5DCC400C2ACB0 /* ToDoViewController.swift in Sources */ = {isa = PBXBuildFile; fileRef = 98F036D827D5DCC400C2ACB0 /* ToDoViewController.swift */; };
		A3FF23090487CA161D3C5085 /* Pods_ToDoUIkit.framework in Frameworks */ = {isa = PBXBuildFile; fileRef = 5AA12E79C62D166DC0BDD6D9 /* Pods_ToDoUIkit.framework */; };
/* End PBXBuildFile section */

/* Begin PBXFileReference section */
		1985A29E425A45AAC534627E /* Pods-ToDoUIkit.debug.xcconfig */ = {isa = PBXFileReference; includeInIndex = 1; lastKnownFileType = text.xcconfig; name = "Pods-ToDoUIkit.debug.xcconfig"; path = "Target Support Files/Pods-ToDoUIkit/Pods-ToDoUIkit.debug.xcconfig"; sourceTree = "<group>"; };
		5AA12E79C62D166DC0BDD6D9 /* Pods_ToDoUIkit.framework */ = {isa = PBXFileReference; explicitFileType = wrapper.framework; includeInIndex = 0; path = Pods_ToDoUIkit.framework; sourceTree = BUILT_PRODUCTS_DIR; };
		98977D8027D8B9650067FD26 /* ToDoTableViewCell.swift */ = {isa = PBXFileReference; lastKnownFileType = sourcecode.swift; path = ToDoTableViewCell.swift; sourceTree = "<group>"; };
		98977D8327D8C01D0067FD26 /* ToDoCellView.swift */ = {isa = PBXFileReference; lastKnownFileType = sourcecode.swift; path = ToDoCellView.swift; sourceTree = "<group>"; };
		98977D8527D8C32F0067FD26 /* BaseView.swift */ = {isa = PBXFileReference; lastKnownFileType = sourcecode.swift; path = BaseView.swift; sourceTree = "<group>"; };
		98977D8727D9DD2D0067FD26 /* SaveViewController.swift */ = {isa = PBXFileReference; lastKnownFileType = sourcecode.swift; path = SaveViewController.swift; sourceTree = "<group>"; };
		98F036B327D5C97900C2ACB0 /* ToDoUIkit.app */ = {isa = PBXFileReference; explicitFileType = wrapper.application; includeInIndex = 0; path = ToDoUIkit.app; sourceTree = BUILT_PRODUCTS_DIR; };
		98F036B627D5C97900C2ACB0 /* AppDelegate.swift */ = {isa = PBXFileReference; lastKnownFileType = sourcecode.swift; path = AppDelegate.swift; sourceTree = "<group>"; };
		98F036B827D5C97900C2ACB0 /* SceneDelegate.swift */ = {isa = PBXFileReference; lastKnownFileType = sourcecode.swift; path = SceneDelegate.swift; sourceTree = "<group>"; };
		98F036BD27D5C97900C2ACB0 /* Base */ = {isa = PBXFileReference; lastKnownFileType = file.storyboard; name = Base; path = Base.lproj/Main.storyboard; sourceTree = "<group>"; };
		98F036C027D5C97900C2ACB0 /* ToDoUIkit.xcdatamodel */ = {isa = PBXFileReference; lastKnownFileType = wrapper.xcdatamodel; path = ToDoUIkit.xcdatamodel; sourceTree = "<group>"; };
		98F036C227D5C97C00C2ACB0 /* Assets.xcassets */ = {isa = PBXFileReference; lastKnownFileType = folder.assetcatalog; path = Assets.xcassets; sourceTree = "<group>"; };
		98F036C527D5C97C00C2ACB0 /* Base */ = {isa = PBXFileReference; lastKnownFileType = file.storyboard; name = Base; path = Base.lproj/LaunchScreen.storyboard; sourceTree = "<group>"; };
		98F036C727D5C97C00C2ACB0 /* Info.plist */ = {isa = PBXFileReference; lastKnownFileType = text.plist.xml; path = Info.plist; sourceTree = "<group>"; };
		98F036D227D5D33E00C2ACB0 /* ToDoListItem+CoreDataClass.swift */ = {isa = PBXFileReference; lastKnownFileType = sourcecode.swift; path = "ToDoListItem+CoreDataClass.swift"; sourceTree = "<group>"; };
		98F036D327D5D33E00C2ACB0 /* ToDoListItem+CoreDataProperties.swift */ = {isa = PBXFileReference; lastKnownFileType = sourcecode.swift; path = "ToDoListItem+CoreDataProperties.swift"; sourceTree = "<group>"; };
		98F036D827D5DCC400C2ACB0 /* ToDoViewController.swift */ = {isa = PBXFileReference; lastKnownFileType = sourcecode.swift; path = ToDoViewController.swift; sourceTree = "<group>"; };
		D17EBF5AC7683AD0837EC638 /* Pods-ToDoUIkit.release.xcconfig */ = {isa = PBXFileReference; includeInIndex = 1; lastKnownFileType = text.xcconfig; name = "Pods-ToDoUIkit.release.xcconfig"; path = "Target Support Files/Pods-ToDoUIkit/Pods-ToDoUIkit.release.xcconfig"; sourceTree = "<group>"; };
/* End PBXFileReference section */

/* Begin PBXFrameworksBuildPhase section */
		98F036B027D5C97900C2ACB0 /* Frameworks */ = {
			isa = PBXFrameworksBuildPhase;
			buildActionMask = 2147483647;
			files = (
				A3FF23090487CA161D3C5085 /* Pods_ToDoUIkit.framework in Frameworks */,
			);
			runOnlyForDeploymentPostprocessing = 0;
		};
/* End PBXFrameworksBuildPhase section */

/* Begin PBXGroup section */
		7153A6CB0A6D8610F74A4948 /* Pods */ = {
			isa = PBXGroup;
			children = (
				1985A29E425A45AAC534627E /* Pods-ToDoUIkit.debug.xcconfig */,
				D17EBF5AC7683AD0837EC638 /* Pods-ToDoUIkit.release.xcconfig */,
			);
			path = Pods;
			sourceTree = "<group>";
		};
		75E30866BC4FBFAB569AA9B3 /* Frameworks */ = {
			isa = PBXGroup;
			children = (
				5AA12E79C62D166DC0BDD6D9 /* Pods_ToDoUIkit.framework */,
			);
			name = Frameworks;
			sourceTree = "<group>";
		};
		98977D7F27D8B9460067FD26 /* cells */ = {
			isa = PBXGroup;
			children = (
				98977D8027D8B9650067FD26 /* ToDoTableViewCell.swift */,
			);
			path = cells;
			sourceTree = "<group>";
		};
		98977D8227D8C0030067FD26 /* views */ = {
			isa = PBXGroup;
			children = (
				98977D8327D8C01D0067FD26 /* ToDoCellView.swift */,
				98977D8527D8C32F0067FD26 /* BaseView.swift */,
			);
			path = views;
			sourceTree = "<group>";
		};
		98F036AA27D5C97900C2ACB0 = {
			isa = PBXGroup;
			children = (
				98F036B527D5C97900C2ACB0 /* ToDoUIkit */,
				98F036B427D5C97900C2ACB0 /* Products */,
				7153A6CB0A6D8610F74A4948 /* Pods */,
				75E30866BC4FBFAB569AA9B3 /* Frameworks */,
			);
			sourceTree = "<group>";
		};
		98F036B427D5C97900C2ACB0 /* Products */ = {
			isa = PBXGroup;
			children = (
				98F036B327D5C97900C2ACB0 /* ToDoUIkit.app */,
			);
			name = Products;
			sourceTree = "<group>";
		};
		98F036B527D5C97900C2ACB0 /* ToDoUIkit */ = {
			isa = PBXGroup;
			children = (
				98977D8227D8C0030067FD26 /* views */,
				98977D7F27D8B9460067FD26 /* cells */,
				98F036DA27D5DCD400C2ACB0 /* apputils */,
				98F036D727D5DCA700C2ACB0 /* controllers */,
				98F036D627D5D3C400C2ACB0 /* ToDoListItem */,
				98F036B627D5C97900C2ACB0 /* AppDelegate.swift */,
				98F036B827D5C97900C2ACB0 /* SceneDelegate.swift */,
				98F036C727D5C97C00C2ACB0 /* Info.plist */,
				98F036BF27D5C97900C2ACB0 /* ToDoUIkit.xcdatamodeld */,
			);
			path = ToDoUIkit;
			sourceTree = "<group>";
		};
		98F036D627D5D3C400C2ACB0 /* ToDoListItem */ = {
			isa = PBXGroup;
			children = (
				98F036D227D5D33E00C2ACB0 /* ToDoListItem+CoreDataClass.swift */,
				98F036D327D5D33E00C2ACB0 /* ToDoListItem+CoreDataProperties.swift */,
			);
			path = ToDoListItem;
			sourceTree = "<group>";
		};
		98F036D727D5DCA700C2ACB0 /* controllers */ = {
			isa = PBXGroup;
			children = (
				98F036D827D5DCC400C2ACB0 /* ToDoViewController.swift */,
				98977D8727D9DD2D0067FD26 /* SaveViewController.swift */,
			);
			path = controllers;
			sourceTree = "<group>";
		};
		98F036DA27D5DCD400C2ACB0 /* apputils */ = {
			isa = PBXGroup;
			children = (
				98F036BC27D5C97900C2ACB0 /* Main.storyboard */,
				98F036C227D5C97C00C2ACB0 /* Assets.xcassets */,
				98F036C427D5C97C00C2ACB0 /* LaunchScreen.storyboard */,
			);
			path = apputils;
			sourceTree = "<group>";
		};
/* End PBXGroup section */

/* Begin PBXNativeTarget section */
		98F036B227D5C97900C2ACB0 /* ToDoUIkit */ = {
			isa = PBXNativeTarget;
			buildConfigurationList = 98F036CA27D5C97C00C2ACB0 /* Build configuration list for PBXNativeTarget "ToDoUIkit" */;
			buildPhases = (
				82DD6344E9101929F2E47FE1 /* [CP] Check Pods Manifest.lock */,
				98F036AF27D5C97900C2ACB0 /* Sources */,
				98F036B027D5C97900C2ACB0 /* Frameworks */,
				98F036B127D5C97900C2ACB0 /* Resources */,
				1FDE29C6D284DF38598AD359 /* [CP] Embed Pods Frameworks */,
			);
			buildRules = (
			);
			dependencies = (
			);
			name = ToDoUIkit;
			productName = ToDoUIkit;
			productReference = 98F036B327D5C97900C2ACB0 /* ToDoUIkit.app */;
			productType = "com.apple.product-type.application";
		};
/* End PBXNativeTarget section */

/* Begin PBXProject section */
		98F036AB27D5C97900C2ACB0 /* Project object */ = {
			isa = PBXProject;
			attributes = {
				BuildIndependentTargetsInParallel = 1;
				LastSwiftUpdateCheck = 1320;
				LastUpgradeCheck = 1320;
				TargetAttributes = {
					98F036B227D5C97900C2ACB0 = {
						CreatedOnToolsVersion = 13.2.1;
					};
				};
			};
			buildConfigurationList = 98F036AE27D5C97900C2ACB0 /* Build configuration list for PBXProject "ToDoUIkit" */;
			compatibilityVersion = "Xcode 13.0";
			developmentRegion = en;
			hasScannedForEncodings = 0;
			knownRegions = (
				en,
				Base,
			);
			mainGroup = 98F036AA27D5C97900C2ACB0;
			productRefGroup = 98F036B427D5C97900C2ACB0 /* Products */;
			projectDirPath = "";
			projectRoot = "";
			targets = (
				98F036B227D5C97900C2ACB0 /* ToDoUIkit */,
			);
		};
/* End PBXProject section */

/* Begin PBXResourcesBuildPhase section */
		98F036B127D5C97900C2ACB0 /* Resources */ = {
			isa = PBXResourcesBuildPhase;
			buildActionMask = 2147483647;
			files = (
				98F036C627D5C97C00C2ACB0 /* LaunchScreen.storyboard in Resources */,
				98F036C327D5C97C00C2ACB0 /* Assets.xcassets in Resources */,
				98F036BE27D5C97900C2ACB0 /* Main.storyboard in Resources */,
			);
			runOnlyForDeploymentPostprocessing = 0;
		};
/* End PBXResourcesBuildPhase section */

/* Begin PBXShellScriptBuildPhase section */
		1FDE29C6D284DF38598AD359 /* [CP] Embed Pods Frameworks */ = {
			isa = PBXShellScriptBuildPhase;
			buildActionMask = 2147483647;
			files = (
			);
			inputFileListPaths = (
				"${PODS_ROOT}/Target Support Files/Pods-ToDoUIkit/Pods-ToDoUIkit-frameworks-${CONFIGURATION}-input-files.xcfilelist",
			);
			name = "[CP] Embed Pods Frameworks";
			outputFileListPaths = (
				"${PODS_ROOT}/Target Support Files/Pods-ToDoUIkit/Pods-ToDoUIkit-frameworks-${CONFIGURATION}-output-files.xcfilelist",
			);
			runOnlyForDeploymentPostprocessing = 0;
			shellPath = /bin/sh;
			shellScript = "\"${PODS_ROOT}/Target Support Files/Pods-ToDoUIkit/Pods-ToDoUIkit-frameworks.sh\"\n";
			showEnvVarsInLog = 0;
		};
		82DD6344E9101929F2E47FE1 /* [CP] Check Pods Manifest.lock */ = {
			isa = PBXShellScriptBuildPhase;
			buildActionMask = 2147483647;
			files = (
			);
			inputFileListPaths = (
			);
			inputPaths = (
				"${PODS_PODFILE_DIR_PATH}/Podfile.lock",
				"${PODS_ROOT}/Manifest.lock",
			);
			name = "[CP] Check Pods Manifest.lock";
			outputFileListPaths = (
			);
			outputPaths = (
				"$(DERIVED_FILE_DIR)/Pods-ToDoUIkit-checkManifestLockResult.txt",
			);
			runOnlyForDeploymentPostprocessing = 0;
			shellPath = /bin/sh;
			shellScript = "diff \"${PODS_PODFILE_DIR_PATH}/Podfile.lock\" \"${PODS_ROOT}/Manifest.lock\" > /dev/null\nif [ $? != 0 ] ; then\n    # print error to STDERR\n    echo \"error: The sandbox is not in sync with the Podfile.lock. Run 'pod install' or update your CocoaPods installation.\" >&2\n    exit 1\nfi\n# This output is used by Xcode 'outputs' to avoid re-running this script phase.\necho \"SUCCESS\" > \"${SCRIPT_OUTPUT_FILE_0}\"\n";
			showEnvVarsInLog = 0;
		};
/* End PBXShellScriptBuildPhase section */

/* Begin PBXSourcesBuildPhase section */
		98F036AF27D5C97900C2ACB0 /* Sources */ = {
			isa = PBXSourcesBuildPhase;
			buildActionMask = 2147483647;
			files = (
				98977D8127D8B9650067FD26 /* ToDoTableViewCell.swift in Sources */,
				98977D8827D9DD2D0067FD26 /* SaveViewController.swift in Sources */,
				98F036B727D5C97900C2ACB0 /* AppDelegate.swift in Sources */,
				98F036C127D5C97900C2ACB0 /* ToDoUIkit.xcdatamodeld in Sources */,
				98F036D427D5D33E00C2ACB0 /* ToDoListItem+CoreDataClass.swift in Sources */,
				98F036D527D5D33E00C2ACB0 /* ToDoListItem+CoreDataProperties.swift in Sources */,
				98F036D927D5DCC400C2ACB0 /* ToDoViewController.swift in Sources */,
				98977D8627D8C32F0067FD26 /* BaseView.swift in Sources */,
				98977D8427D8C01D0067FD26 /* ToDoCellView.swift in Sources */,
				98F036B927D5C97900C2ACB0 /* SceneDelegate.swift in Sources */,
			);
			runOnlyForDeploymentPostprocessing = 0;
		};
/* End PBXSourcesBuildPhase section */

/* Begin PBXVariantGroup section */
		98F036BC27D5C97900C2ACB0 /* Main.storyboard */ = {
			isa = PBXVariantGroup;
			children = (
				98F036BD27D5C97900C2ACB0 /* Base */,
			);
			name = Main.storyboard;
			sourceTree = "<group>";
		};
		98F036C427D5C97C00C2ACB0 /* LaunchScreen.storyboard */ = {
			isa = PBXVariantGroup;
			children = (
				98F036C527D5C97C00C2ACB0 /* Base */,
			);
			name = LaunchScreen.storyboard;
			sourceTree = "<group>";
		};
/* End PBXVariantGroup section */

/* Begin XCBuildConfiguration section */
		98F036C827D5C97C00C2ACB0 /* Debug */ = {
			isa = XCBuildConfiguration;
			buildSettings = {
				ALWAYS_SEARCH_USER_PATHS = NO;
				CLANG_ANALYZER_NONNULL = YES;
				CLANG_ANALYZER_NUMBER_OBJECT_CONVERSION = YES_AGGRESSIVE;
				CLANG_CXX_LANGUAGE_STANDARD = "gnu++17";
				CLANG_CXX_LIBRARY = "libc++";
				CLANG_ENABLE_MODULES = YES;
				CLANG_ENABLE_OBJC_ARC = YES;
				CLANG_ENABLE_OBJC_WEAK = YES;
				CLANG_WARN_BLOCK_CAPTURE_AUTORELEASING = YES;
				CLANG_WARN_BOOL_CONVERSION = YES;
				CLANG_WARN_COMMA = YES;
				CLANG_WARN_CONSTANT_CONVERSION = YES;
				CLANG_WARN_DEPRECATED_OBJC_IMPLEMENTATIONS = YES;
				CLANG_WARN_DIRECT_OBJC_ISA_USAGE = YES_ERROR;
				CLANG_WARN_DOCUMENTATION_COMMENTS = YES;
				CLANG_WARN_EMPTY_BODY = YES;
				CLANG_WARN_ENUM_CONVERSION = YES;
				CLANG_WARN_INFINITE_RECURSION = YES;
				CLANG_WARN_INT_CONVERSION = YES;
				CLANG_WARN_NON_LITERAL_NULL_CONVERSION = YES;
				CLANG_WARN_OBJC_IMPLICIT_RETAIN_SELF = YES;
				CLANG_WARN_OBJC_LITERAL_CONVERSION = YES;
				CLANG_WARN_OBJC_ROOT_CLASS = YES_ERROR;
				CLANG_WARN_QUOTED_INCLUDE_IN_FRAMEWORK_HEADER = YES;
				CLANG_WARN_RANGE_LOOP_ANALYSIS = YES;
				CLANG_WARN_STRICT_PROTOTYPES = YES;
				CLANG_WARN_SUSPICIOUS_MOVE = YES;
				CLANG_WARN_UNGUARDED_AVAILABILITY = YES_AGGRESSIVE;
				CLANG_WARN_UNREACHABLE_CODE = YES;
				CLANG_WARN__DUPLICATE_METHOD_MATCH = YES;
				COPY_PHASE_STRIP = NO;
				DEBUG_INFORMATION_FORMAT = dwarf;
				ENABLE_STRICT_OBJC_MSGSEND = YES;
				ENABLE_TESTABILITY = YES;
				GCC_C_LANGUAGE_STANDARD = gnu11;
				GCC_DYNAMIC_NO_PIC = NO;
				GCC_NO_COMMON_BLOCKS = YES;
				GCC_OPTIMIZATION_LEVEL = 0;
				GCC_PREPROCESSOR_DEFINITIONS = (
					"DEBUG=1",
					"$(inherited)",
				);
				GCC_WARN_64_TO_32_BIT_CONVERSION = YES;
				GCC_WARN_ABOUT_RETURN_TYPE = YES_ERROR;
				GCC_WARN_UNDECLARED_SELECTOR = YES;
				GCC_WARN_UNINITIALIZED_AUTOS = YES_AGGRESSIVE;
				GCC_WARN_UNUSED_FUNCTION = YES;
				GCC_WARN_UNUSED_VARIABLE = YES;
				IPHONEOS_DEPLOYMENT_TARGET = 15.2;
				MTL_ENABLE_DEBUG_INFO = INCLUDE_SOURCE;
				MTL_FAST_MATH = YES;
				ONLY_ACTIVE_ARCH = YES;
				SDKROOT = iphoneos;
				SWIFT_ACTIVE_COMPILATION_CONDITIONS = DEBUG;
				SWIFT_OPTIMIZATION_LEVEL = "-Onone";
			};
			name = Debug;
		};
		98F036C927D5C97C00C2ACB0 /* Release */ = {
			isa = XCBuildConfiguration;
			buildSettings = {
				ALWAYS_SEARCH_USER_PATHS = NO;
				CLANG_ANALYZER_NONNULL = YES;
				CLANG_ANALYZER_NUMBER_OBJECT_CONVERSION = YES_AGGRESSIVE;
				CLANG_CXX_LANGUAGE_STANDARD = "gnu++17";
				CLANG_CXX_LIBRARY = "libc++";
				CLANG_ENABLE_MODULES = YES;
				CLANG_ENABLE_OBJC_ARC = YES;
				CLANG_ENABLE_OBJC_WEAK = YES;
				CLANG_WARN_BLOCK_CAPTURE_AUTORELEASING = YES;
				CLANG_WARN_BOOL_CONVERSION = YES;
				CLANG_WARN_COMMA = YES;
				CLANG_WARN_CONSTANT_CONVERSION = YES;
				CLANG_WARN_DEPRECATED_OBJC_IMPLEMENTATIONS = YES;
				CLANG_WARN_DIRECT_OBJC_ISA_USAGE = YES_ERROR;
				CLANG_WARN_DOCUMENTATION_COMMENTS = YES;
				CLANG_WARN_EMPTY_BODY = YES;
				CLANG_WARN_ENUM_CONVERSION = YES;
				CLANG_WARN_INFINITE_RECURSION = YES;
				CLANG_WARN_INT_CONVERSION = YES;
				CLANG_WARN_NON_LITERAL_NULL_CONVERSION = YES;
				CLANG_WARN_OBJC_IMPLICIT_RETAIN_SELF = YES;
				CLANG_WARN_OBJC_LITERAL_CONVERSION = YES;
				CLANG_WARN_OBJC_ROOT_CLASS = YES_ERROR;
				CLANG_WARN_QUOTED_INCLUDE_IN_FRAMEWORK_HEADER = YES;
				CLANG_WARN_RANGE_LOOP_ANALYSIS = YES;
				CLANG_WARN_STRICT_PROTOTYPES = YES;
				CLANG_WARN_SUSPICIOUS_MOVE = YES;
				CLANG_WARN_UNGUARDED_AVAILABILITY = YES_AGGRESSIVE;
				CLANG_WARN_UNREACHABLE_CODE = YES;
				CLANG_WARN__DUPLICATE_METHOD_MATCH = YES;
				COPY_PHASE_STRIP = NO;
				DEBUG_INFORMATION_FORMAT = "dwarf-with-dsym";
				ENABLE_NS_ASSERTIONS = NO;
				ENABLE_STRICT_OBJC_MSGSEND = YES;
				GCC_C_LANGUAGE_STANDARD = gnu11;
				GCC_NO_COMMON_BLOCKS = YES;
				GCC_WARN_64_TO_32_BIT_CONVERSION = YES;
				GCC_WARN_ABOUT_RETURN_TYPE = YES_ERROR;
				GCC_WARN_UNDECLARED_SELECTOR = YES;
				GCC_WARN_UNINITIALIZED_AUTOS = YES_AGGRESSIVE;
				GCC_WARN_UNUSED_FUNCTION = YES;
				GCC_WARN_UNUSED_VARIABLE = YES;
				IPHONEOS_DEPLOYMENT_TARGET = 15.2;
				MTL_ENABLE_DEBUG_INFO = NO;
				MTL_FAST_MATH = YES;
				SDKROOT = iphoneos;
				SWIFT_COMPILATION_MODE = wholemodule;
				SWIFT_OPTIMIZATION_LEVEL = "-O";
				VALIDATE_PRODUCT = YES;
			};
			name = Release;
		};
		98F036CB27D5C97C00C2ACB0 /* Debug */ = {
			isa = XCBuildConfiguration;
			baseConfigurationReference = 1985A29E425A45AAC534627E /* Pods-ToDoUIkit.debug.xcconfig */;
			buildSettings = {
				ASSETCATALOG_COMPILER_APPICON_NAME = AppIcon;
				ASSETCATALOG_COMPILER_GLOBAL_ACCENT_COLOR_NAME = AccentColor;
				CODE_SIGN_STYLE = Automatic;
				CURRENT_PROJECT_VERSION = 1;
				DEVELOPMENT_TEAM = 6T9YFLYQ5U;
				GENERATE_INFOPLIST_FILE = YES;
				INFOPLIST_FILE = ToDoUIkit/Info.plist;
				INFOPLIST_KEY_UIApplicationSupportsIndirectInputEvents = YES;
				INFOPLIST_KEY_UILaunchStoryboardName = LaunchScreen;
				INFOPLIST_KEY_UIMainStoryboardFile = Main;
				INFOPLIST_KEY_UISupportedInterfaceOrientations_iPad = "UIInterfaceOrientationPortrait UIInterfaceOrientationPortraitUpsideDown UIInterfaceOrientationLandscapeLeft UIInterfaceOrientationLandscapeRight";
				INFOPLIST_KEY_UISupportedInterfaceOrientations_iPhone = "UIInterfaceOrientationPortrait UIInterfaceOrientationLandscapeLeft UIInterfaceOrientationLandscapeRight";
				LD_RUNPATH_SEARCH_PATHS = (
					"$(inherited)",
					"@executable_path/Frameworks",
				);
				MARKETING_VERSION = 1.0;
				PRODUCT_BUNDLE_IDENTIFIER = "com.Legenda-759.ToDoUIkit";
				PRODUCT_NAME = "$(TARGET_NAME)";
				SWIFT_EMIT_LOC_STRINGS = YES;
				SWIFT_VERSION = 5.0;
				TARGETED_DEVICE_FAMILY = "1,2";
			};
			name = Debug;
		};
		98F036CC27D5C97C00C2ACB0 /* Release */ = {
			isa = XCBuildConfiguration;
			baseConfigurationReference = D17EBF5AC7683AD0837EC638 /* Pods-ToDoUIkit.release.xcconfig */;
			buildSettings = {
				ASSETCATALOG_COMPILER_APPICON_NAME = AppIcon;
				ASSETCATALOG_COMPILER_GLOBAL_ACCENT_COLOR_NAME = AccentColor;
				CODE_SIGN_STYLE = Automatic;
				CURRENT_PROJECT_VERSION = 1;
				DEVELOPMENT_TEAM = 6T9YFLYQ5U;
				GENERATE_INFOPLIST_FILE = YES;
				INFOPLIST_FILE = ToDoUIkit/Info.plist;
				INFOPLIST_KEY_UIApplicationSupportsIndirectInputEvents = YES;
				INFOPLIST_KEY_UILaunchStoryboardName = LaunchScreen;
				INFOPLIST_KEY_UIMainStoryboardFile = Main;
				INFOPLIST_KEY_UISupportedInterfaceOrientations_iPad = "UIInterfaceOrientationPortrait UIInterfaceOrientationPortraitUpsideDown UIInterfaceOrientationLandscapeLeft UIInterfaceOrientationLandscapeRight";
				INFOPLIST_KEY_UISupportedInterfaceOrientations_iPhone = "UIInterfaceOrientationPortrait UIInterfaceOrientationLandscapeLeft UIInterfaceOrientationLandscapeRight";
				LD_RUNPATH_SEARCH_PATHS = (
					"$(inherited)",
					"@executable_path/Frameworks",
				);
				MARKETING_VERSION = 1.0;
				PRODUCT_BUNDLE_IDENTIFIER = "com.Legenda-759.ToDoUIkit";
				PRODUCT_NAME = "$(TARGET_NAME)";
				SWIFT_EMIT_LOC_STRINGS = YES;
				SWIFT_VERSION = 5.0;
				TARGETED_DEVICE_FAMILY = "1,2";
			};
			name = Release;
		};
/* End XCBuildConfiguration section */

/* Begin XCConfigurationList section */
		98F036AE27D5C97900C2ACB0 /* Build configuration list for PBXProject "ToDoUIkit" */ = {
			isa = XCConfigurationList;
			buildConfigurations = (
				98F036C827D5C97C00C2ACB0 /* Debug */,
				98F036C927D5C97C00C2ACB0 /* Release */,
			);
			defaultConfigurationIsVisible = 0;
			defaultConfigurationName = Release;
		};
		98F036CA27D5C97C00C2ACB0 /* Build configuration list for PBXNativeTarget "ToDoUIkit" */ = {
			isa = XCConfigurationList;
			buildConfigurations = (
				98F036CB27D5C97C00C2ACB0 /* Debug */,
				98F036CC27D5C97C00C2ACB0 /* Release */,
			);
			defaultConfigurationIsVisible = 0;
			defaultConfigurationName = Release;
		};
/* End XCConfigurationList section */

/* Begin XCVersionGroup section */
		98F036BF27D5C97900C2ACB0 /* ToDoUIkit.xcdatamodeld */ = {
			isa = XCVersionGroup;
			children = (
				98F036C027D5C97900C2ACB0 /* ToDoUIkit.xcdatamodel */,
			);
			currentVersion = 98F036C027D5C97900C2ACB0 /* ToDoUIkit.xcdatamodel */;
			path = ToDoUIkit.xcdatamodeld;
			sourceTree = "<group>";
			versionGroupType = wrapper.xcdatamodel;
		};
/* End XCVersionGroup section */
	};
	rootObject = 98F036AB27D5C97900C2ACB0 /* Project object */;
}
